// !$*UTF8*$!
{
	archiveVersion = 1;
	classes = {
	};
	objectVersion = 60;
	objects = {

/* Begin PBXBuildFile section */
		4D2EF4B32AE5C0FB0059FA74 /* HolidayThemes.swift in Sources */ = {isa = PBXBuildFile; fileRef = 4D2EF4B22AE5C0FB0059FA74 /* HolidayThemes.swift */; };
		4DEAE35A2AE57F9E0049D7D0 /* ButtonChallengeApp.swift in Sources */ = {isa = PBXBuildFile; fileRef = 4DEAE3592AE57F9E0049D7D0 /* ButtonChallengeApp.swift */; };
		4DEAE35E2AE57FA10049D7D0 /* Assets.xcassets in Resources */ = {isa = PBXBuildFile; fileRef = 4DEAE35D2AE57FA10049D7D0 /* Assets.xcassets */; };
		4DEAE3612AE57FA10049D7D0 /* Preview Assets.xcassets in Resources */ = {isa = PBXBuildFile; fileRef = 4DEAE3602AE57FA10049D7D0 /* Preview Assets.xcassets */; };
		4DEAE36B2AE57FA10049D7D0 /* ButtonChallengeTests.swift in Sources */ = {isa = PBXBuildFile; fileRef = 4DEAE36A2AE57FA10049D7D0 /* ButtonChallengeTests.swift */; };
		4DEAE3752AE57FA10049D7D0 /* ButtonChallengeUITests.swift in Sources */ = {isa = PBXBuildFile; fileRef = 4DEAE3742AE57FA10049D7D0 /* ButtonChallengeUITests.swift */; };
		4DEAE3772AE57FA10049D7D0 /* ButtonChallengeUITestsLaunchTests.swift in Sources */ = {isa = PBXBuildFile; fileRef = 4DEAE3762AE57FA10049D7D0 /* ButtonChallengeUITestsLaunchTests.swift */; };
		4DEAE3872AE586BC0049D7D0 /* ButtonKit in Frameworks */ = {isa = PBXBuildFile; productRef = 4DEAE3862AE586BC0049D7D0 /* ButtonKit */; };
		4DEAE38A2AE589570049D7D0 /* StandardTab.swift in Sources */ = {isa = PBXBuildFile; fileRef = 4DEAE3892AE589570049D7D0 /* StandardTab.swift */; };
		4DEAE38E2AE589820049D7D0 /* AsyncTab.swift in Sources */ = {isa = PBXBuildFile; fileRef = 4DEAE38D2AE589820049D7D0 /* AsyncTab.swift */; };
		4DEAE3922AE58AC10049D7D0 /* Localized.swift in Sources */ = {isa = PBXBuildFile; fileRef = 4DEAE3912AE58AC10049D7D0 /* Localized.swift */; };
		4DEAE3952AE58AF20049D7D0 /* Localizable.xcstrings in Resources */ = {isa = PBXBuildFile; fileRef = 4DEAE3942AE58AF20049D7D0 /* Localizable.xcstrings */; };
		4DEAE3982AE58F260049D7D0 /* OrderService.swift in Sources */ = {isa = PBXBuildFile; fileRef = 4DEAE3972AE58F260049D7D0 /* OrderService.swift */; };
		4DEAE39B2AE5A54B0049D7D0 /* FormViewModel.swift in Sources */ = {isa = PBXBuildFile; fileRef = 4DEAE39A2AE5A54B0049D7D0 /* FormViewModel.swift */; };
		4DEAE39D2AE5AA150049D7D0 /* OrderViewModel.swift in Sources */ = {isa = PBXBuildFile; fileRef = 4DEAE39C2AE5AA150049D7D0 /* OrderViewModel.swift */; };
/* End PBXBuildFile section */

/* Begin PBXContainerItemProxy section */
		4DEAE3672AE57FA10049D7D0 /* PBXContainerItemProxy */ = {
			isa = PBXContainerItemProxy;
			containerPortal = 4DEAE34E2AE57F9E0049D7D0 /* Project object */;
			proxyType = 1;
			remoteGlobalIDString = 4DEAE3552AE57F9E0049D7D0;
			remoteInfo = ButtonChallenge;
		};
		4DEAE3712AE57FA10049D7D0 /* PBXContainerItemProxy */ = {
			isa = PBXContainerItemProxy;
			containerPortal = 4DEAE34E2AE57F9E0049D7D0 /* Project object */;
			proxyType = 1;
			remoteGlobalIDString = 4DEAE3552AE57F9E0049D7D0;
			remoteInfo = ButtonChallenge;
		};
/* End PBXContainerItemProxy section */

/* Begin PBXFileReference section */
		4D2EF4B22AE5C0FB0059FA74 /* HolidayThemes.swift */ = {isa = PBXFileReference; lastKnownFileType = sourcecode.swift; path = HolidayThemes.swift; sourceTree = "<group>"; };
		4DEAE3562AE57F9E0049D7D0 /* ButtonChallenge.app */ = {isa = PBXFileReference; explicitFileType = wrapper.application; includeInIndex = 0; path = ButtonChallenge.app; sourceTree = BUILT_PRODUCTS_DIR; };
		4DEAE3592AE57F9E0049D7D0 /* ButtonChallengeApp.swift */ = {isa = PBXFileReference; lastKnownFileType = sourcecode.swift; path = ButtonChallengeApp.swift; sourceTree = "<group>"; };
		4DEAE35D2AE57FA10049D7D0 /* Assets.xcassets */ = {isa = PBXFileReference; lastKnownFileType = folder.assetcatalog; path = Assets.xcassets; sourceTree = "<group>"; };
		4DEAE3602AE57FA10049D7D0 /* Preview Assets.xcassets */ = {isa = PBXFileReference; lastKnownFileType = folder.assetcatalog; path = "Preview Assets.xcassets"; sourceTree = "<group>"; };
		4DEAE3662AE57FA10049D7D0 /* ButtonChallengeTests.xctest */ = {isa = PBXFileReference; explicitFileType = wrapper.cfbundle; includeInIndex = 0; path = ButtonChallengeTests.xctest; sourceTree = BUILT_PRODUCTS_DIR; };
		4DEAE36A2AE57FA10049D7D0 /* ButtonChallengeTests.swift */ = {isa = PBXFileReference; lastKnownFileType = sourcecode.swift; path = ButtonChallengeTests.swift; sourceTree = "<group>"; };
		4DEAE3702AE57FA10049D7D0 /* ButtonChallengeUITests.xctest */ = {isa = PBXFileReference; explicitFileType = wrapper.cfbundle; includeInIndex = 0; path = ButtonChallengeUITests.xctest; sourceTree = BUILT_PRODUCTS_DIR; };
		4DEAE3742AE57FA10049D7D0 /* ButtonChallengeUITests.swift */ = {isa = PBXFileReference; lastKnownFileType = sourcecode.swift; path = ButtonChallengeUITests.swift; sourceTree = "<group>"; };
		4DEAE3762AE57FA10049D7D0 /* ButtonChallengeUITestsLaunchTests.swift */ = {isa = PBXFileReference; lastKnownFileType = sourcecode.swift; path = ButtonChallengeUITestsLaunchTests.swift; sourceTree = "<group>"; };
		4DEAE3842AE5861B0049D7D0 /* ButtonKit */ = {isa = PBXFileReference; lastKnownFileType = wrapper; path = ButtonKit; sourceTree = "<group>"; };
		4DEAE3892AE589570049D7D0 /* StandardTab.swift */ = {isa = PBXFileReference; lastKnownFileType = sourcecode.swift; path = StandardTab.swift; sourceTree = "<group>"; };
		4DEAE38D2AE589820049D7D0 /* AsyncTab.swift */ = {isa = PBXFileReference; lastKnownFileType = sourcecode.swift; path = AsyncTab.swift; sourceTree = "<group>"; };
		4DEAE3912AE58AC10049D7D0 /* Localized.swift */ = {isa = PBXFileReference; lastKnownFileType = sourcecode.swift; path = Localized.swift; sourceTree = "<group>"; };
		4DEAE3942AE58AF20049D7D0 /* Localizable.xcstrings */ = {isa = PBXFileReference; lastKnownFileType = text.json.xcstrings; path = Localizable.xcstrings; sourceTree = "<group>"; };
		4DEAE3972AE58F260049D7D0 /* OrderService.swift */ = {isa = PBXFileReference; lastKnownFileType = sourcecode.swift; path = OrderService.swift; sourceTree = "<group>"; };
		4DEAE39A2AE5A54B0049D7D0 /* FormViewModel.swift */ = {isa = PBXFileReference; lastKnownFileType = sourcecode.swift; path = FormViewModel.swift; sourceTree = "<group>"; };
		4DEAE39C2AE5AA150049D7D0 /* OrderViewModel.swift */ = {isa = PBXFileReference; lastKnownFileType = sourcecode.swift; path = OrderViewModel.swift; sourceTree = "<group>"; };
/* End PBXFileReference section */

/* Begin PBXFrameworksBuildPhase section */
		4DEAE3532AE57F9E0049D7D0 /* Frameworks */ = {
			isa = PBXFrameworksBuildPhase;
			buildActionMask = 2147483647;
			files = (
				4DEAE3872AE586BC0049D7D0 /* ButtonKit in Frameworks */,
			);
			runOnlyForDeploymentPostprocessing = 0;
		};
		4DEAE3632AE57FA10049D7D0 /* Frameworks */ = {
			isa = PBXFrameworksBuildPhase;
			buildActionMask = 2147483647;
			files = (
			);
			runOnlyForDeploymentPostprocessing = 0;
		};
		4DEAE36D2AE57FA10049D7D0 /* Frameworks */ = {
			isa = PBXFrameworksBuildPhase;
			buildActionMask = 2147483647;
			files = (
			);
			runOnlyForDeploymentPostprocessing = 0;
		};
/* End PBXFrameworksBuildPhase section */

/* Begin PBXGroup section */
		4D2EF4AF2AE5C0710059FA74 /* CustomThemes */ = {
			isa = PBXGroup;
			children = (
				4D2EF4B22AE5C0FB0059FA74 /* HolidayThemes.swift */,
			);
			path = CustomThemes;
			sourceTree = "<group>";
		};
		4DEAE34D2AE57F9E0049D7D0 = {
			isa = PBXGroup;
			children = (
				4DEAE3582AE57F9E0049D7D0 /* ButtonChallenge */,
				4DEAE3692AE57FA10049D7D0 /* ButtonChallengeTests */,
				4DEAE3732AE57FA10049D7D0 /* ButtonChallengeUITests */,
				4DEAE3842AE5861B0049D7D0 /* ButtonKit */,
				4DEAE3572AE57F9E0049D7D0 /* Products */,
			);
			sourceTree = "<group>";
		};
		4DEAE3572AE57F9E0049D7D0 /* Products */ = {
			isa = PBXGroup;
			children = (
				4DEAE3562AE57F9E0049D7D0 /* ButtonChallenge.app */,
				4DEAE3662AE57FA10049D7D0 /* ButtonChallengeTests.xctest */,
				4DEAE3702AE57FA10049D7D0 /* ButtonChallengeUITests.xctest */,
			);
			name = Products;
			sourceTree = "<group>";
		};
		4DEAE3582AE57F9E0049D7D0 /* ButtonChallenge */ = {
			isa = PBXGroup;
			children = (
				4DEAE3592AE57F9E0049D7D0 /* ButtonChallengeApp.swift */,
				4DEAE3882AE589340049D7D0 /* Tabs */,
				4DEAE3962AE58F0C0049D7D0 /* Services */,
				4DEAE3992AE5A51A0049D7D0 /* ViewModels */,
				4D2EF4AF2AE5C0710059FA74 /* CustomThemes */,
				4DEAE3932AE58AD10049D7D0 /* LocalizedStrings */,
				4DEAE35D2AE57FA10049D7D0 /* Assets.xcassets */,
				4DEAE35F2AE57FA10049D7D0 /* Preview Content */,
			);
			path = ButtonChallenge;
			sourceTree = "<group>";
		};
		4DEAE35F2AE57FA10049D7D0 /* Preview Content */ = {
			isa = PBXGroup;
			children = (
				4DEAE3602AE57FA10049D7D0 /* Preview Assets.xcassets */,
			);
			path = "Preview Content";
			sourceTree = "<group>";
		};
		4DEAE3692AE57FA10049D7D0 /* ButtonChallengeTests */ = {
			isa = PBXGroup;
			children = (
				4DEAE36A2AE57FA10049D7D0 /* ButtonChallengeTests.swift */,
			);
			path = ButtonChallengeTests;
			sourceTree = "<group>";
		};
		4DEAE3732AE57FA10049D7D0 /* ButtonChallengeUITests */ = {
			isa = PBXGroup;
			children = (
				4DEAE3742AE57FA10049D7D0 /* ButtonChallengeUITests.swift */,
				4DEAE3762AE57FA10049D7D0 /* ButtonChallengeUITestsLaunchTests.swift */,
			);
			path = ButtonChallengeUITests;
			sourceTree = "<group>";
		};
		4DEAE3882AE589340049D7D0 /* Tabs */ = {
			isa = PBXGroup;
			children = (
				4DEAE3892AE589570049D7D0 /* StandardTab.swift */,
				4DEAE38D2AE589820049D7D0 /* AsyncTab.swift */,
			);
			path = Tabs;
			sourceTree = "<group>";
		};
		4DEAE3932AE58AD10049D7D0 /* LocalizedStrings */ = {
			isa = PBXGroup;
			children = (
				4DEAE3912AE58AC10049D7D0 /* Localized.swift */,
				4DEAE3942AE58AF20049D7D0 /* Localizable.xcstrings */,
			);
			path = LocalizedStrings;
			sourceTree = "<group>";
		};
		4DEAE3962AE58F0C0049D7D0 /* Services */ = {
			isa = PBXGroup;
			children = (
				4DEAE3972AE58F260049D7D0 /* OrderService.swift */,
			);
			path = Services;
			sourceTree = "<group>";
		};
		4DEAE3992AE5A51A0049D7D0 /* ViewModels */ = {
			isa = PBXGroup;
			children = (
				4DEAE39A2AE5A54B0049D7D0 /* FormViewModel.swift */,
				4DEAE39C2AE5AA150049D7D0 /* OrderViewModel.swift */,
			);
			path = ViewModels;
			sourceTree = "<group>";
		};
/* End PBXGroup section */

/* Begin PBXNativeTarget section */
		4DEAE3552AE57F9E0049D7D0 /* ButtonChallenge */ = {
			isa = PBXNativeTarget;
			buildConfigurationList = 4DEAE37A2AE57FA10049D7D0 /* Build configuration list for PBXNativeTarget "ButtonChallenge" */;
			buildPhases = (
				4DEAE3522AE57F9E0049D7D0 /* Sources */,
				4DEAE3532AE57F9E0049D7D0 /* Frameworks */,
				4DEAE3542AE57F9E0049D7D0 /* Resources */,
			);
			buildRules = (
			);
			dependencies = (
			);
			name = ButtonChallenge;
			packageProductDependencies = (
				4DEAE3862AE586BC0049D7D0 /* ButtonKit */,
			);
			productName = ButtonChallenge;
			productReference = 4DEAE3562AE57F9E0049D7D0 /* ButtonChallenge.app */;
			productType = "com.apple.product-type.application";
		};
		4DEAE3652AE57FA10049D7D0 /* ButtonChallengeTests */ = {
			isa = PBXNativeTarget;
			buildConfigurationList = 4DEAE37D2AE57FA10049D7D0 /* Build configuration list for PBXNativeTarget "ButtonChallengeTests" */;
			buildPhases = (
				4DEAE3622AE57FA10049D7D0 /* Sources */,
				4DEAE3632AE57FA10049D7D0 /* Frameworks */,
				4DEAE3642AE57FA10049D7D0 /* Resources */,
			);
			buildRules = (
			);
			dependencies = (
				4DEAE3682AE57FA10049D7D0 /* PBXTargetDependency */,
			);
			name = ButtonChallengeTests;
			productName = ButtonChallengeTests;
			productReference = 4DEAE3662AE57FA10049D7D0 /* ButtonChallengeTests.xctest */;
			productType = "com.apple.product-type.bundle.unit-test";
		};
		4DEAE36F2AE57FA10049D7D0 /* ButtonChallengeUITests */ = {
			isa = PBXNativeTarget;
			buildConfigurationList = 4DEAE3802AE57FA10049D7D0 /* Build configuration list for PBXNativeTarget "ButtonChallengeUITests" */;
			buildPhases = (
				4DEAE36C2AE57FA10049D7D0 /* Sources */,
				4DEAE36D2AE57FA10049D7D0 /* Frameworks */,
				4DEAE36E2AE57FA10049D7D0 /* Resources */,
			);
			buildRules = (
			);
			dependencies = (
				4DEAE3722AE57FA10049D7D0 /* PBXTargetDependency */,
			);
			name = ButtonChallengeUITests;
			productName = ButtonChallengeUITests;
			productReference = 4DEAE3702AE57FA10049D7D0 /* ButtonChallengeUITests.xctest */;
			productType = "com.apple.product-type.bundle.ui-testing";
		};
/* End PBXNativeTarget section */

/* Begin PBXProject section */
		4DEAE34E2AE57F9E0049D7D0 /* Project object */ = {
			isa = PBXProject;
			attributes = {
				BuildIndependentTargetsInParallel = 1;
				LastSwiftUpdateCheck = 1500;
				LastUpgradeCheck = 1500;
				TargetAttributes = {
					4DEAE3552AE57F9E0049D7D0 = {
						CreatedOnToolsVersion = 15.0.1;
					};
					4DEAE3652AE57FA10049D7D0 = {
						CreatedOnToolsVersion = 15.0.1;
						TestTargetID = 4DEAE3552AE57F9E0049D7D0;
					};
					4DEAE36F2AE57FA10049D7D0 = {
						CreatedOnToolsVersion = 15.0.1;
						TestTargetID = 4DEAE3552AE57F9E0049D7D0;
					};
				};
			};
			buildConfigurationList = 4DEAE3512AE57F9E0049D7D0 /* Build configuration list for PBXProject "ButtonChallenge" */;
			compatibilityVersion = "Xcode 14.0";
			developmentRegion = en;
			hasScannedForEncodings = 0;
			knownRegions = (
				en,
				Base,
			);
			mainGroup = 4DEAE34D2AE57F9E0049D7D0;
			packageReferences = (
				4DEAE3852AE586BC0049D7D0 /* XCLocalSwiftPackageReference "ButtonKit" */,
			);
			productRefGroup = 4DEAE3572AE57F9E0049D7D0 /* Products */;
			projectDirPath = "";
			projectRoot = "";
			targets = (
				4DEAE3552AE57F9E0049D7D0 /* ButtonChallenge */,
				4DEAE3652AE57FA10049D7D0 /* ButtonChallengeTests */,
				4DEAE36F2AE57FA10049D7D0 /* ButtonChallengeUITests */,
			);
		};
/* End PBXProject section */

/* Begin PBXResourcesBuildPhase section */
		4DEAE3542AE57F9E0049D7D0 /* Resources */ = {
			isa = PBXResourcesBuildPhase;
			buildActionMask = 2147483647;
			files = (
				4DEAE3612AE57FA10049D7D0 /* Preview Assets.xcassets in Resources */,
				4DEAE35E2AE57FA10049D7D0 /* Assets.xcassets in Resources */,
				4DEAE3952AE58AF20049D7D0 /* Localizable.xcstrings in Resources */,
			);
			runOnlyForDeploymentPostprocessing = 0;
		};
		4DEAE3642AE57FA10049D7D0 /* Resources */ = {
			isa = PBXResourcesBuildPhase;
			buildActionMask = 2147483647;
			files = (
			);
			runOnlyForDeploymentPostprocessing = 0;
		};
		4DEAE36E2AE57FA10049D7D0 /* Resources */ = {
			isa = PBXResourcesBuildPhase;
			buildActionMask = 2147483647;
			files = (
			);
			runOnlyForDeploymentPostprocessing = 0;
		};
/* End PBXResourcesBuildPhase section */

/* Begin PBXSourcesBuildPhase section */
		4DEAE3522AE57F9E0049D7D0 /* Sources */ = {
			isa = PBXSourcesBuildPhase;
			buildActionMask = 2147483647;
			files = (
				4DEAE38A2AE589570049D7D0 /* StandardTab.swift in Sources */,
				4DEAE3982AE58F260049D7D0 /* OrderService.swift in Sources */,
				4DEAE35A2AE57F9E0049D7D0 /* ButtonChallengeApp.swift in Sources */,
				4DEAE39D2AE5AA150049D7D0 /* OrderViewModel.swift in Sources */,
				4DEAE38E2AE589820049D7D0 /* AsyncTab.swift in Sources */,
				4DEAE3922AE58AC10049D7D0 /* Localized.swift in Sources */,
				4D2EF4B32AE5C0FB0059FA74 /* HolidayThemes.swift in Sources */,
				4DEAE39B2AE5A54B0049D7D0 /* FormViewModel.swift in Sources */,
			);
			runOnlyForDeploymentPostprocessing = 0;
		};
		4DEAE3622AE57FA10049D7D0 /* Sources */ = {
			isa = PBXSourcesBuildPhase;
			buildActionMask = 2147483647;
			files = (
				4DEAE36B2AE57FA10049D7D0 /* ButtonChallengeTests.swift in Sources */,
			);
			runOnlyForDeploymentPostprocessing = 0;
		};
		4DEAE36C2AE57FA10049D7D0 /* Sources */ = {
			isa = PBXSourcesBuildPhase;
			buildActionMask = 2147483647;
			files = (
				4DEAE3772AE57FA10049D7D0 /* ButtonChallengeUITestsLaunchTests.swift in Sources */,
				4DEAE3752AE57FA10049D7D0 /* ButtonChallengeUITests.swift in Sources */,
			);
			runOnlyForDeploymentPostprocessing = 0;
		};
/* End PBXSourcesBuildPhase section */

/* Begin PBXTargetDependency section */
		4DEAE3682AE57FA10049D7D0 /* PBXTargetDependency */ = {
			isa = PBXTargetDependency;
			target = 4DEAE3552AE57F9E0049D7D0 /* ButtonChallenge */;
			targetProxy = 4DEAE3672AE57FA10049D7D0 /* PBXContainerItemProxy */;
		};
		4DEAE3722AE57FA10049D7D0 /* PBXTargetDependency */ = {
			isa = PBXTargetDependency;
			target = 4DEAE3552AE57F9E0049D7D0 /* ButtonChallenge */;
			targetProxy = 4DEAE3712AE57FA10049D7D0 /* PBXContainerItemProxy */;
		};
/* End PBXTargetDependency section */

/* Begin XCBuildConfiguration section */
		4DEAE3782AE57FA10049D7D0 /* Debug */ = {
			isa = XCBuildConfiguration;
			buildSettings = {
				ALWAYS_SEARCH_USER_PATHS = NO;
				ASSETCATALOG_COMPILER_GENERATE_SWIFT_ASSET_SYMBOL_EXTENSIONS = YES;
				CLANG_ANALYZER_NONNULL = YES;
				CLANG_ANALYZER_NUMBER_OBJECT_CONVERSION = YES_AGGRESSIVE;
				CLANG_CXX_LANGUAGE_STANDARD = "gnu++20";
				CLANG_ENABLE_MODULES = YES;
				CLANG_ENABLE_OBJC_ARC = YES;
				CLANG_ENABLE_OBJC_WEAK = YES;
				CLANG_WARN_BLOCK_CAPTURE_AUTORELEASING = YES;
				CLANG_WARN_BOOL_CONVERSION = YES;
				CLANG_WARN_COMMA = YES;
				CLANG_WARN_CONSTANT_CONVERSION = YES;
				CLANG_WARN_DEPRECATED_OBJC_IMPLEMENTATIONS = YES;
				CLANG_WARN_DIRECT_OBJC_ISA_USAGE = YES_ERROR;
				CLANG_WARN_DOCUMENTATION_COMMENTS = YES;
				CLANG_WARN_EMPTY_BODY = YES;
				CLANG_WARN_ENUM_CONVERSION = YES;
				CLANG_WARN_INFINITE_RECURSION = YES;
				CLANG_WARN_INT_CONVERSION = YES;
				CLANG_WARN_NON_LITERAL_NULL_CONVERSION = YES;
				CLANG_WARN_OBJC_IMPLICIT_RETAIN_SELF = YES;
				CLANG_WARN_OBJC_LITERAL_CONVERSION = YES;
				CLANG_WARN_OBJC_ROOT_CLASS = YES_ERROR;
				CLANG_WARN_QUOTED_INCLUDE_IN_FRAMEWORK_HEADER = YES;
				CLANG_WARN_RANGE_LOOP_ANALYSIS = YES;
				CLANG_WARN_STRICT_PROTOTYPES = YES;
				CLANG_WARN_SUSPICIOUS_MOVE = YES;
				CLANG_WARN_UNGUARDED_AVAILABILITY = YES_AGGRESSIVE;
				CLANG_WARN_UNREACHABLE_CODE = YES;
				CLANG_WARN__DUPLICATE_METHOD_MATCH = YES;
				COPY_PHASE_STRIP = NO;
				DEBUG_INFORMATION_FORMAT = dwarf;
				ENABLE_STRICT_OBJC_MSGSEND = YES;
				ENABLE_TESTABILITY = YES;
				ENABLE_USER_SCRIPT_SANDBOXING = YES;
				GCC_C_LANGUAGE_STANDARD = gnu17;
				GCC_DYNAMIC_NO_PIC = NO;
				GCC_NO_COMMON_BLOCKS = YES;
				GCC_OPTIMIZATION_LEVEL = 0;
				GCC_PREPROCESSOR_DEFINITIONS = (
					"DEBUG=1",
					"$(inherited)",
				);
				GCC_WARN_64_TO_32_BIT_CONVERSION = YES;
				GCC_WARN_ABOUT_RETURN_TYPE = YES_ERROR;
				GCC_WARN_UNDECLARED_SELECTOR = YES;
				GCC_WARN_UNINITIALIZED_AUTOS = YES_AGGRESSIVE;
				GCC_WARN_UNUSED_FUNCTION = YES;
				GCC_WARN_UNUSED_VARIABLE = YES;
				IPHONEOS_DEPLOYMENT_TARGET = 17.0;
				LOCALIZATION_PREFERS_STRING_CATALOGS = YES;
				MTL_ENABLE_DEBUG_INFO = INCLUDE_SOURCE;
				MTL_FAST_MATH = YES;
				ONLY_ACTIVE_ARCH = YES;
				SDKROOT = iphoneos;
				SWIFT_ACTIVE_COMPILATION_CONDITIONS = "DEBUG $(inherited)";
				SWIFT_OPTIMIZATION_LEVEL = "-Onone";
			};
			name = Debug;
		};
		4DEAE3792AE57FA10049D7D0 /* Release */ = {
			isa = XCBuildConfiguration;
			buildSettings = {
				ALWAYS_SEARCH_USER_PATHS = NO;
				ASSETCATALOG_COMPILER_GENERATE_SWIFT_ASSET_SYMBOL_EXTENSIONS = YES;
				CLANG_ANALYZER_NONNULL = YES;
				CLANG_ANALYZER_NUMBER_OBJECT_CONVERSION = YES_AGGRESSIVE;
				CLANG_CXX_LANGUAGE_STANDARD = "gnu++20";
				CLANG_ENABLE_MODULES = YES;
				CLANG_ENABLE_OBJC_ARC = YES;
				CLANG_ENABLE_OBJC_WEAK = YES;
				CLANG_WARN_BLOCK_CAPTURE_AUTORELEASING = YES;
				CLANG_WARN_BOOL_CONVERSION = YES;
				CLANG_WARN_COMMA = YES;
				CLANG_WARN_CONSTANT_CONVERSION = YES;
				CLANG_WARN_DEPRECATED_OBJC_IMPLEMENTATIONS = YES;
				CLANG_WARN_DIRECT_OBJC_ISA_USAGE = YES_ERROR;
				CLANG_WARN_DOCUMENTATION_COMMENTS = YES;
				CLANG_WARN_EMPTY_BODY = YES;
				CLANG_WARN_ENUM_CONVERSION = YES;
				CLANG_WARN_INFINITE_RECURSION = YES;
				CLANG_WARN_INT_CONVERSION = YES;
				CLANG_WARN_NON_LITERAL_NULL_CONVERSION = YES;
				CLANG_WARN_OBJC_IMPLICIT_RETAIN_SELF = YES;
				CLANG_WARN_OBJC_LITERAL_CONVERSION = YES;
				CLANG_WARN_OBJC_ROOT_CLASS = YES_ERROR;
				CLANG_WARN_QUOTED_INCLUDE_IN_FRAMEWORK_HEADER = YES;
				CLANG_WARN_RANGE_LOOP_ANALYSIS = YES;
				CLANG_WARN_STRICT_PROTOTYPES = YES;
				CLANG_WARN_SUSPICIOUS_MOVE = YES;
				CLANG_WARN_UNGUARDED_AVAILABILITY = YES_AGGRESSIVE;
				CLANG_WARN_UNREACHABLE_CODE = YES;
				CLANG_WARN__DUPLICATE_METHOD_MATCH = YES;
				COPY_PHASE_STRIP = NO;
				DEBUG_INFORMATION_FORMAT = "dwarf-with-dsym";
				ENABLE_NS_ASSERTIONS = NO;
				ENABLE_STRICT_OBJC_MSGSEND = YES;
				ENABLE_USER_SCRIPT_SANDBOXING = YES;
				GCC_C_LANGUAGE_STANDARD = gnu17;
				GCC_NO_COMMON_BLOCKS = YES;
				GCC_WARN_64_TO_32_BIT_CONVERSION = YES;
				GCC_WARN_ABOUT_RETURN_TYPE = YES_ERROR;
				GCC_WARN_UNDECLARED_SELECTOR = YES;
				GCC_WARN_UNINITIALIZED_AUTOS = YES_AGGRESSIVE;
				GCC_WARN_UNUSED_FUNCTION = YES;
				GCC_WARN_UNUSED_VARIABLE = YES;
				IPHONEOS_DEPLOYMENT_TARGET = 17.0;
				LOCALIZATION_PREFERS_STRING_CATALOGS = YES;
				MTL_ENABLE_DEBUG_INFO = NO;
				MTL_FAST_MATH = YES;
				SDKROOT = iphoneos;
				SWIFT_COMPILATION_MODE = wholemodule;
				VALIDATE_PRODUCT = YES;
			};
			name = Release;
		};
		4DEAE37B2AE57FA10049D7D0 /* Debug */ = {
			isa = XCBuildConfiguration;
			buildSettings = {
				ASSETCATALOG_COMPILER_APPICON_NAME = AppIcon;
				ASSETCATALOG_COMPILER_GLOBAL_ACCENT_COLOR_NAME = AccentColor;
				CODE_SIGN_STYLE = Automatic;
				CURRENT_PROJECT_VERSION = 1;
				DEVELOPMENT_ASSET_PATHS = "\"ButtonChallenge/Preview Content\"";
				ENABLE_PREVIEWS = YES;
				GENERATE_INFOPLIST_FILE = YES;
				INFOPLIST_KEY_UIApplicationSceneManifest_Generation = YES;
				INFOPLIST_KEY_UIApplicationSupportsIndirectInputEvents = YES;
				INFOPLIST_KEY_UILaunchScreen_Generation = YES;
				INFOPLIST_KEY_UISupportedInterfaceOrientations_iPad = "UIInterfaceOrientationPortrait UIInterfaceOrientationPortraitUpsideDown UIInterfaceOrientationLandscapeLeft UIInterfaceOrientationLandscapeRight";
				INFOPLIST_KEY_UISupportedInterfaceOrientations_iPhone = "UIInterfaceOrientationPortrait UIInterfaceOrientationLandscapeLeft UIInterfaceOrientationLandscapeRight";
				IPHONEOS_DEPLOYMENT_TARGET = 15.0;
				LD_RUNPATH_SEARCH_PATHS = (
					"$(inherited)",
					"@executable_path/Frameworks",
				);
				MARKETING_VERSION = 1.0;
				PRODUCT_BUNDLE_IDENTIFIER = AndrewWinn.ButtonChallenge;
				PRODUCT_NAME = "$(TARGET_NAME)";
				SUPPORTED_PLATFORMS = "iphoneos iphonesimulator";
				SUPPORTS_MACCATALYST = NO;
				SUPPORTS_MAC_DESIGNED_FOR_IPHONE_IPAD = NO;
				SWIFT_EMIT_LOC_STRINGS = YES;
				SWIFT_VERSION = 5.0;
				TARGETED_DEVICE_FAMILY = 1;
			};
			name = Debug;
		};
		4DEAE37C2AE57FA10049D7D0 /* Release */ = {
			isa = XCBuildConfiguration;
			buildSettings = {
				ASSETCATALOG_COMPILER_APPICON_NAME = AppIcon;
				ASSETCATALOG_COMPILER_GLOBAL_ACCENT_COLOR_NAME = AccentColor;
				CODE_SIGN_STYLE = Automatic;
				CURRENT_PROJECT_VERSION = 1;
				DEVELOPMENT_ASSET_PATHS = "\"ButtonChallenge/Preview Content\"";
				ENABLE_PREVIEWS = YES;
				GENERATE_INFOPLIST_FILE = YES;
				INFOPLIST_KEY_UIApplicationSceneManifest_Generation = YES;
				INFOPLIST_KEY_UIApplicationSupportsIndirectInputEvents = YES;
				INFOPLIST_KEY_UILaunchScreen_Generation = YES;
				INFOPLIST_KEY_UISupportedInterfaceOrientations_iPad = "UIInterfaceOrientationPortrait UIInterfaceOrientationPortraitUpsideDown UIInterfaceOrientationLandscapeLeft UIInterfaceOrientationLandscapeRight";
				INFOPLIST_KEY_UISupportedInterfaceOrientations_iPhone = "UIInterfaceOrientationPortrait UIInterfaceOrientationLandscapeLeft UIInterfaceOrientationLandscapeRight";
				IPHONEOS_DEPLOYMENT_TARGET = 15.0;
				LD_RUNPATH_SEARCH_PATHS = (
					"$(inherited)",
					"@executable_path/Frameworks",
				);
				MARKETING_VERSION = 1.0;
				PRODUCT_BUNDLE_IDENTIFIER = AndrewWinn.ButtonChallenge;
				PRODUCT_NAME = "$(TARGET_NAME)";
				SUPPORTED_PLATFORMS = "iphoneos iphonesimulator";
				SUPPORTS_MACCATALYST = NO;
				SUPPORTS_MAC_DESIGNED_FOR_IPHONE_IPAD = NO;
				SWIFT_EMIT_LOC_STRINGS = YES;
				SWIFT_VERSION = 5.0;
				TARGETED_DEVICE_FAMILY = 1;
			};
			name = Release;
		};
		4DEAE37E2AE57FA10049D7D0 /* Debug */ = {
			isa = XCBuildConfiguration;
			buildSettings = {
				ALWAYS_EMBED_SWIFT_STANDARD_LIBRARIES = YES;
				BUNDLE_LOADER = "$(TEST_HOST)";
				CODE_SIGN_STYLE = Automatic;
				CURRENT_PROJECT_VERSION = 1;
				GENERATE_INFOPLIST_FILE = YES;
				IPHONEOS_DEPLOYMENT_TARGET = 17.0;
				MARKETING_VERSION = 1.0;
				PRODUCT_BUNDLE_IDENTIFIER = AndrewWinn.ButtonChallengeTests;
				PRODUCT_NAME = "$(TARGET_NAME)";
				SWIFT_EMIT_LOC_STRINGS = NO;
				SWIFT_VERSION = 5.0;
				TARGETED_DEVICE_FAMILY = "1,2";
				TEST_HOST = "$(BUILT_PRODUCTS_DIR)/ButtonChallenge.app/$(BUNDLE_EXECUTABLE_FOLDER_PATH)/ButtonChallenge";
			};
			name = Debug;
		};
		4DEAE37F2AE57FA10049D7D0 /* Release */ = {
			isa = XCBuildConfiguration;
			buildSettings = {
				ALWAYS_EMBED_SWIFT_STANDARD_LIBRARIES = YES;
				BUNDLE_LOADER = "$(TEST_HOST)";
				CODE_SIGN_STYLE = Automatic;
				CURRENT_PROJECT_VERSION = 1;
				GENERATE_INFOPLIST_FILE = YES;
				IPHONEOS_DEPLOYMENT_TARGET = 17.0;
				MARKETING_VERSION = 1.0;
				PRODUCT_BUNDLE_IDENTIFIER = AndrewWinn.ButtonChallengeTests;
				PRODUCT_NAME = "$(TARGET_NAME)";
				SWIFT_EMIT_LOC_STRINGS = NO;
				SWIFT_VERSION = 5.0;
				TARGETED_DEVICE_FAMILY = "1,2";
				TEST_HOST = "$(BUILT_PRODUCTS_DIR)/ButtonChallenge.app/$(BUNDLE_EXECUTABLE_FOLDER_PATH)/ButtonChallenge";
			};
			name = Release;
		};
		4DEAE3812AE57FA10049D7D0 /* Debug */ = {
			isa = XCBuildConfiguration;
			buildSettings = {
				ALWAYS_EMBED_SWIFT_STANDARD_LIBRARIES = YES;
				CODE_SIGN_STYLE = Automatic;
				CURRENT_PROJECT_VERSION = 1;
				GENERATE_INFOPLIST_FILE = YES;
				MARKETING_VERSION = 1.0;
				PRODUCT_BUNDLE_IDENTIFIER = AndrewWinn.ButtonChallengeUITests;
				PRODUCT_NAME = "$(TARGET_NAME)";
				SWIFT_EMIT_LOC_STRINGS = NO;
				SWIFT_VERSION = 5.0;
				TARGETED_DEVICE_FAMILY = "1,2";
				TEST_TARGET_NAME = ButtonChallenge;
			};
			name = Debug;
		};
		4DEAE3822AE57FA10049D7D0 /* Release */ = {
			isa = XCBuildConfiguration;
			buildSettings = {
				ALWAYS_EMBED_SWIFT_STANDARD_LIBRARIES = YES;
				CODE_SIGN_STYLE = Automatic;
				CURRENT_PROJECT_VERSION = 1;
				GENERATE_INFOPLIST_FILE = YES;
				MARKETING_VERSION = 1.0;
				PRODUCT_BUNDLE_IDENTIFIER = AndrewWinn.ButtonChallengeUITests;
				PRODUCT_NAME = "$(TARGET_NAME)";
				SWIFT_EMIT_LOC_STRINGS = NO;
				SWIFT_VERSION = 5.0;
				TARGETED_DEVICE_FAMILY = "1,2";
				TEST_TARGET_NAME = ButtonChallenge;
			};
			name = Release;
		};
/* End XCBuildConfiguration section */

/* Begin XCConfigurationList section */
		4DEAE3512AE57F9E0049D7D0 /* Build configuration list for PBXProject "ButtonChallenge" */ = {
			isa = XCConfigurationList;
			buildConfigurations = (
				4DEAE3782AE57FA10049D7D0 /* Debug */,
				4DEAE3792AE57FA10049D7D0 /* Release */,
			);
			defaultConfigurationIsVisible = 0;
			defaultConfigurationName = Release;
		};
		4DEAE37A2AE57FA10049D7D0 /* Build configuration list for PBXNativeTarget "ButtonChallenge" */ = {
			isa = XCConfigurationList;
			buildConfigurations = (
				4DEAE37B2AE57FA10049D7D0 /* Debug */,
				4DEAE37C2AE57FA10049D7D0 /* Release */,
			);
			defaultConfigurationIsVisible = 0;
			defaultConfigurationName = Release;
		};
		4DEAE37D2AE57FA10049D7D0 /* Build configuration list for PBXNativeTarget "ButtonChallengeTests" */ = {
			isa = XCConfigurationList;
			buildConfigurations = (
				4DEAE37E2AE57FA10049D7D0 /* Debug */,
				4DEAE37F2AE57FA10049D7D0 /* Release */,
			);
			defaultConfigurationIsVisible = 0;
			defaultConfigurationName = Release;
		};
		4DEAE3802AE57FA10049D7D0 /* Build configuration list for PBXNativeTarget "ButtonChallengeUITests" */ = {
			isa = XCConfigurationList;
			buildConfigurations = (
				4DEAE3812AE57FA10049D7D0 /* Debug */,
				4DEAE3822AE57FA10049D7D0 /* Release */,
			);
			defaultConfigurationIsVisible = 0;
			defaultConfigurationName = Release;
		};
/* End XCConfigurationList section */

/* Begin XCLocalSwiftPackageReference section */
		4DEAE3852AE586BC0049D7D0 /* XCLocalSwiftPackageReference "ButtonKit" */ = {
			isa = XCLocalSwiftPackageReference;
			relativePath = ButtonKit;
		};
/* End XCLocalSwiftPackageReference section */

/* Begin XCSwiftPackageProductDependency section */
		4DEAE3862AE586BC0049D7D0 /* ButtonKit */ = {
			isa = XCSwiftPackageProductDependency;
			productName = ButtonKit;
		};
/* End XCSwiftPackageProductDependency section */
	};
	rootObject = 4DEAE34E2AE57F9E0049D7D0 /* Project object */;
}
